// !$*UTF8*$!
{
	archiveVersion = 1;
	classes = {
	};
	objectVersion = 46;
	objects = {

/* Begin PBXBuildFile section */
		3A8567E014CF03FA002B65B8 /* UIKit.framework in Frameworks */ = {isa = PBXBuildFile; fileRef = 3A8567DF14CF03F9002B65B8 /* UIKit.framework */; };
		3A8567E214CF03FA002B65B8 /* Foundation.framework in Frameworks */ = {isa = PBXBuildFile; fileRef = 3A8567E114CF03FA002B65B8 /* Foundation.framework */; };
		3A8567E414CF03FA002B65B8 /* CoreGraphics.framework in Frameworks */ = {isa = PBXBuildFile; fileRef = 3A8567E314CF03FA002B65B8 /* CoreGraphics.framework */; };
		3A8567EA14CF03FA002B65B8 /* InfoPlist.strings in Resources */ = {isa = PBXBuildFile; fileRef = 3A8567E814CF03FA002B65B8 /* InfoPlist.strings */; };
		3A8567EC14CF03FA002B65B8 /* main.m in Sources */ = {isa = PBXBuildFile; fileRef = 3A8567EB14CF03FA002B65B8 /* main.m */; };
		3A8567F014CF03FA002B65B8 /* ButtonAppDelegate.m in Sources */ = {isa = PBXBuildFile; fileRef = 3A8567EF14CF03FA002B65B8 /* ButtonAppDelegate.m */; };
		3A8567F314CF03FA002B65B8 /* ButtonViewController.m in Sources */ = {isa = PBXBuildFile; fileRef = 3A8567F214CF03FA002B65B8 /* ButtonViewController.m */; };
		3A8567F614CF03FA002B65B8 /* ButtonViewController_iPhone.xib in Resources */ = {isa = PBXBuildFile; fileRef = 3A8567F414CF03FA002B65B8 /* ButtonViewController_iPhone.xib */; };
		3A8567F914CF03FA002B65B8 /* ButtonViewController_iPad.xib in Resources */ = {isa = PBXBuildFile; fileRef = 3A8567F714CF03FA002B65B8 /* ButtonViewController_iPad.xib */; };
/* End PBXBuildFile section */

/* Begin PBXFileReference section */
		3A8567DB14CF03F9002B65B8 /* ButtonFun.app */ = {isa = PBXFileReference; explicitFileType = wrapper.application; includeInIndex = 0; path = ButtonFun.app; sourceTree = BUILT_PRODUCTS_DIR; };
		3A8567DF14CF03F9002B65B8 /* UIKit.framework */ = {isa = PBXFileReference; lastKnownFileType = wrapper.framework; name = UIKit.framework; path = System/Library/Frameworks/UIKit.framework; sourceTree = SDKROOT; };
		3A8567E114CF03FA002B65B8 /* Foundation.framework */ = {isa = PBXFileReference; lastKnownFileType = wrapper.framework; name = Foundation.framework; path = System/Library/Frameworks/Foundation.framework; sourceTree = SDKROOT; };
		3A8567E314CF03FA002B65B8 /* CoreGraphics.framework */ = {isa = PBXFileReference; lastKnownFileType = wrapper.framework; name = CoreGraphics.framework; path = System/Library/Frameworks/CoreGraphics.framework; sourceTree = SDKROOT; };
		3A8567E714CF03FA002B65B8 /* ButtonFun-Info.plist */ = {isa = PBXFileReference; lastKnownFileType = text.plist.xml; path = "ButtonFun-Info.plist"; sourceTree = "<group>"; };
		3A8567E914CF03FA002B65B8 /* en */ = {isa = PBXFileReference; lastKnownFileType = text.plist.strings; name = en; path = en.lproj/InfoPlist.strings; sourceTree = "<group>"; };
		3A8567EB14CF03FA002B65B8 /* main.m */ = {isa = PBXFileReference; lastKnownFileType = sourcecode.c.objc; path = main.m; sourceTree = "<group>"; };
		3A8567ED14CF03FA002B65B8 /* ButtonFun-Prefix.pch */ = {isa = PBXFileReference; lastKnownFileType = sourcecode.c.h; path = "ButtonFun-Prefix.pch"; sourceTree = "<group>"; };
		3A8567EE14CF03FA002B65B8 /* ButtonAppDelegate.h */ = {isa = PBXFileReference; lastKnownFileType = sourcecode.c.h; path = ButtonAppDelegate.h; sourceTree = "<group>"; };
		3A8567EF14CF03FA002B65B8 /* ButtonAppDelegate.m */ = {isa = PBXFileReference; lastKnownFileType = sourcecode.c.objc; path = ButtonAppDelegate.m; sourceTree = "<group>"; };
		3A8567F114CF03FA002B65B8 /* ButtonViewController.h */ = {isa = PBXFileReference; lastKnownFileType = sourcecode.c.h; path = ButtonViewController.h; sourceTree = "<group>"; };
		3A8567F214CF03FA002B65B8 /* ButtonViewController.m */ = {isa = PBXFileReference; lastKnownFileType = sourcecode.c.objc; path = ButtonViewController.m; sourceTree = "<group>"; };
		3A8567F514CF03FA002B65B8 /* en */ = {isa = PBXFileReference; lastKnownFileType = file.xib; name = en; path = en.lproj/ButtonViewController_iPhone.xib; sourceTree = "<group>"; };
		3A8567F814CF03FA002B65B8 /* en */ = {isa = PBXFileReference; lastKnownFileType = file.xib; name = en; path = en.lproj/ButtonViewController_iPad.xib; sourceTree = "<group>"; };
/* End PBXFileReference section */

/* Begin PBXFrameworksBuildPhase section */
		3A8567D814CF03F9002B65B8 /* Frameworks */ = {
			isa = PBXFrameworksBuildPhase;
			buildActionMask = 2147483647;
			files = (
				3A8567E014CF03FA002B65B8 /* UIKit.framework in Frameworks */,
				3A8567E214CF03FA002B65B8 /* Foundation.framework in Frameworks */,
				3A8567E414CF03FA002B65B8 /* CoreGraphics.framework in Frameworks */,
			);
			runOnlyForDeploymentPostprocessing = 0;
		};
/* End PBXFrameworksBuildPhase section */

/* Begin PBXGroup section */
		3A8567D014CF03F9002B65B8 = {
			isa = PBXGroup;
			children = (
				3A8567E514CF03FA002B65B8 /* ButtonFun */,
				3A8567DE14CF03F9002B65B8 /* Frameworks */,
				3A8567DC14CF03F9002B65B8 /* Products */,
			);
			sourceTree = "<group>";
		};
		3A8567DC14CF03F9002B65B8 /* Products */ = {
			isa = PBXGroup;
			children = (
				3A8567DB14CF03F9002B65B8 /* ButtonFun.app */,
			);
			name = Products;
			sourceTree = "<group>";
		};
		3A8567DE14CF03F9002B65B8 /* Frameworks */ = {
			isa = PBXGroup;
			children = (
				3A8567DF14CF03F9002B65B8 /* UIKit.framework */,
				3A8567E114CF03FA002B65B8 /* Foundation.framework */,
				3A8567E314CF03FA002B65B8 /* CoreGraphics.framework */,
			);
			name = Frameworks;
			sourceTree = "<group>";
		};
		3A8567E514CF03FA002B65B8 /* ButtonFun */ = {
			isa = PBXGroup;
			children = (
				3A8567EE14CF03FA002B65B8 /* ButtonAppDelegate.h */,
				3A8567EF14CF03FA002B65B8 /* ButtonAppDelegate.m */,
				3A8567F114CF03FA002B65B8 /* ButtonViewController.h */,
				3A8567F214CF03FA002B65B8 /* ButtonViewController.m */,
				3A8567F414CF03FA002B65B8 /* ButtonViewController_iPhone.xib */,
				3A8567F714CF03FA002B65B8 /* ButtonViewController_iPad.xib */,
				3A8567E614CF03FA002B65B8 /* Supporting Files */,
			);
			path = ButtonFun;
			sourceTree = "<group>";
		};
		3A8567E614CF03FA002B65B8 /* Supporting Files */ = {
			isa = PBXGroup;
			children = (
				3A8567E714CF03FA002B65B8 /* ButtonFun-Info.plist */,
				3A8567E814CF03FA002B65B8 /* InfoPlist.strings */,
				3A8567EB14CF03FA002B65B8 /* main.m */,
				3A8567ED14CF03FA002B65B8 /* ButtonFun-Prefix.pch */,
			);
			name = "Supporting Files";
			sourceTree = "<group>";
		};
/* End PBXGroup section */

/* Begin PBXNativeTarget section */
		3A8567DA14CF03F9002B65B8 /* ButtonFun */ = {
			isa = PBXNativeTarget;
			buildConfigurationList = 3A8567FC14CF03FA002B65B8 /* Build configuration list for PBXNativeTarget "ButtonFun" */;
			buildPhases = (
				3A8567D714CF03F9002B65B8 /* Sources */,
				3A8567D814CF03F9002B65B8 /* Frameworks */,
				3A8567D914CF03F9002B65B8 /* Resources */,
			);
			buildRules = (
			);
			dependencies = (
			);
			name = ButtonFun;
			productName = ButtonFun;
			productReference = 3A8567DB14CF03F9002B65B8 /* ButtonFun.app */;
			productType = "com.apple.product-type.application";
		};
/* End PBXNativeTarget section */

/* Begin PBXProject section */
		3A8567D214CF03F9002B65B8 /* Project object */ = {
			isa = PBXProject;
			attributes = {
				LastUpgradeCheck = 0420;
			};
			buildConfigurationList = 3A8567D514CF03F9002B65B8 /* Build configuration list for PBXProject "ButtonFun" */;
			compatibilityVersion = "Xcode 3.2";
			developmentRegion = English;
			hasScannedForEncodings = 0;
			knownRegions = (
				en,
			);
			mainGroup = 3A8567D014CF03F9002B65B8;
			productRefGroup = 3A8567DC14CF03F9002B65B8 /* Products */;
			projectDirPath = "";
			projectRoot = "";
			targets = (
				3A8567DA14CF03F9002B65B8 /* ButtonFun */,
			);
		};
/* End PBXProject section */

/* Begin PBXResourcesBuildPhase section */
		3A8567D914CF03F9002B65B8 /* Resources */ = {
			isa = PBXResourcesBuildPhase;
			buildActionMask = 2147483647;
			files = (
				3A8567EA14CF03FA002B65B8 /* InfoPlist.strings in Resources */,
				3A8567F614CF03FA002B65B8 /* ButtonViewController_iPhone.xib in Resources */,
				3A8567F914CF03FA002B65B8 /* ButtonViewController_iPad.xib in Resources */,
			);
			runOnlyForDeploymentPostprocessing = 0;
		};
/* End PBXResourcesBuildPhase section */

/* Begin PBXSourcesBuildPhase section */
		3A8567D714CF03F9002B65B8 /* Sources */ = {
			isa = PBXSourcesBuildPhase;
			buildActionMask = 2147483647;
			files = (
				3A8567EC14CF03FA002B65B8 /* main.m in Sources */,
				3A8567F014CF03FA002B65B8 /* ButtonAppDelegate.m in Sources */,
				3A8567F314CF03FA002B65B8 /* ButtonViewController.m in Sources */,
			);
			runOnlyForDeploymentPostprocessing = 0;
		};
/* End PBXSourcesBuildPhase section */

/* Begin PBXVariantGroup section */
		3A8567E814CF03FA002B65B8 /* InfoPlist.strings */ = {
			isa = PBXVariantGroup;
			children = (
				3A8567E914CF03FA002B65B8 /* en */,
			);
			name = InfoPlist.strings;
			sourceTree = "<group>";
		};
		3A8567F414CF03FA002B65B8 /* ButtonViewController_iPhone.xib */ = {
			isa = PBXVariantGroup;
			children = (
				3A8567F514CF03FA002B65B8 /* en */,
			);
			name = ButtonViewController_iPhone.xib;
			sourceTree = "<group>";
		};
		3A8567F714CF03FA002B65B8 /* ButtonViewController_iPad.xib */ = {
			isa = PBXVariantGroup;
			children = (
				3A8567F814CF03FA002B65B8 /* en */,
			);
			name = ButtonViewController_iPad.xib;
			sourceTree = "<group>";
		};
/* End PBXVariantGroup section */

/* Begin XCBuildConfiguration section */
		3A8567FA14CF03FA002B65B8 /* Debug */ = {
			isa = XCBuildConfiguration;
			buildSettings = {
				ALWAYS_SEARCH_USER_PATHS = NO;
				ARCHS = "$(ARCHS_STANDARD_32_BIT)";
				CLANG_ENABLE_OBJC_ARC = YES;
				"CODE_SIGN_IDENTITY[sdk=iphoneos*]" = "iPhone Developer";
				COPY_PHASE_STRIP = NO;
				GCC_C_LANGUAGE_STANDARD = gnu99;
				GCC_DYNAMIC_NO_PIC = NO;
				GCC_OPTIMIZATION_LEVEL = 0;
				GCC_PREPROCESSOR_DEFINITIONS = (
					"DEBUG=1",
					"$(inherited)",
				);
				GCC_SYMBOLS_PRIVATE_EXTERN = NO;
				GCC_VERSION = com.apple.compilers.llvm.clang.1_0;
				GCC_WARN_ABOUT_MISSING_PROTOTYPES = YES;
				GCC_WARN_ABOUT_RETURN_TYPE = YES;
				GCC_WARN_UNUSED_VARIABLE = YES;
				IPHONEOS_DEPLOYMENT_TARGET = 5.0;
				SDKROOT = iphoneos;
				TARGETED_DEVICE_FAMILY = "1,2";
			};
			name = Debug;
		};
		3A8567FB14CF03FA002B65B8 /* Release */ = {
			isa = XCBuildConfiguration;
			buildSettings = {
				ALWAYS_SEARCH_USER_PATHS = NO;
				ARCHS = "$(ARCHS_STANDARD_32_BIT)";
				CLANG_ENABLE_OBJC_ARC = YES;
				"CODE_SIGN_IDENTITY[sdk=iphoneos*]" = "iPhone Developer";
				COPY_PHASE_STRIP = YES;
				GCC_C_LANGUAGE_STANDARD = gnu99;
				GCC_VERSION = com.apple.compilers.llvm.clang.1_0;
				GCC_WARN_ABOUT_MISSING_PROTOTYPES = YES;
				GCC_WARN_ABOUT_RETURN_TYPE = YES;
				GCC_WARN_UNUSED_VARIABLE = YES;
				IPHONEOS_DEPLOYMENT_TARGET = 5.0;
				OTHER_CFLAGS = "-DNS_BLOCK_ASSERTIONS=1";
				SDKROOT = iphoneos;
				TARGETED_DEVICE_FAMILY = "1,2";
				VALIDATE_PRODUCT = YES;
			};
			name = Release;
		};
		3A8567FD14CF03FA002B65B8 /* Debug */ = {
			isa = XCBuildConfiguration;
			buildSettings = {
				GCC_PRECOMPILE_PREFIX_HEADER = YES;
				GCC_PREFIX_HEADER = "ButtonFun/ButtonFun-Prefix.pch";
				INFOPLIST_FILE = "ButtonFun/ButtonFun-Info.plist";
				PRODUCT_NAME = "$(TARGET_NAME)";
				WRAPPER_EXTENSION = app;
			};
			name = Debug;
		};
		3A8567FE14CF03FA002B65B8 /* Release */ = {
			isa = XCBuildConfiguration;
			buildSettings = {
				GCC_PRECOMPILE_PREFIX_HEADER = YES;
				GCC_PREFIX_HEADER = "ButtonFun/ButtonFun-Prefix.pch";
				INFOPLIST_FILE = "ButtonFun/ButtonFun-Info.plist";
				PRODUCT_NAME = "$(TARGET_NAME)";
				WRAPPER_EXTENSION = app;
			};
			name = Release;
		};
/* End XCBuildConfiguration section */

/* Begin XCConfigurationList section */
		3A8567D514CF03F9002B65B8 /* Build configuration list for PBXProject "ButtonFun" */ = {
			isa = XCConfigurationList;
			buildConfigurations = (
				3A8567FA14CF03FA002B65B8 /* Debug */,
				3A8567FB14CF03FA002B65B8 /* Release */,
			);
			defaultConfigurationIsVisible = 0;
			defaultConfigurationName = Release;
		};
		3A8567FC14CF03FA002B65B8 /* Build configuration list for PBXNativeTarget "ButtonFun" */ = {
			isa = XCConfigurationList;
			buildConfigurations = (
				3A8567FD14CF03FA002B65B8 /* Debug */,
				3A8567FE14CF03FA002B65B8 /* Release */,
			);
			defaultConfigurationIsVisible = 0;
		};
/* End XCConfigurationList section */
	};
	rootObject = 3A8567D214CF03F9002B65B8 /* Project object */;
}
