// !$*UTF8*$!
{
	archiveVersion = 1;
	classes = {
	};
	objectVersion = 46;
	objects = {

/* Begin PBXBuildFile section */
		3AE31F5614DAC86E00EA0BD5 /* UIKit.framework in Frameworks */ = {isa = PBXBuildFile; fileRef = 3AE31F5514DAC86E00EA0BD5 /* UIKit.framework */; };
		3AE31F5814DAC86E00EA0BD5 /* Foundation.framework in Frameworks */ = {isa = PBXBuildFile; fileRef = 3AE31F5714DAC86E00EA0BD5 /* Foundation.framework */; };
		3AE31F5A14DAC86E00EA0BD5 /* CoreGraphics.framework in Frameworks */ = {isa = PBXBuildFile; fileRef = 3AE31F5914DAC86E00EA0BD5 /* CoreGraphics.framework */; };
		3AE31F6014DAC86E00EA0BD5 /* InfoPlist.strings in Resources */ = {isa = PBXBuildFile; fileRef = 3AE31F5E14DAC86E00EA0BD5 /* InfoPlist.strings */; };
		3AE31F6214DAC86E00EA0BD5 /* main.m in Sources */ = {isa = PBXBuildFile; fileRef = 3AE31F6114DAC86E00EA0BD5 /* main.m */; };
		3AE31F6614DAC86E00EA0BD5 /* AppDelegate.m in Sources */ = {isa = PBXBuildFile; fileRef = 3AE31F6514DAC86E00EA0BD5 /* AppDelegate.m */; };
		3AE31F6914DAC86E00EA0BD5 /* ViewController.m in Sources */ = {isa = PBXBuildFile; fileRef = 3AE31F6814DAC86E00EA0BD5 /* ViewController.m */; };
		3AE31F6C14DAC86E00EA0BD5 /* ViewController.xib in Resources */ = {isa = PBXBuildFile; fileRef = 3AE31F6A14DAC86E00EA0BD5 /* ViewController.xib */; };
		3AE31F7314DAD3A100EA0BD5 /* star.png in Resources */ = {isa = PBXBuildFile; fileRef = 3AE31F7214DAD3A100EA0BD5 /* star.png */; };
/* End PBXBuildFile section */

/* Begin PBXFileReference section */
		3AE31F5114DAC86E00EA0BD5 /* SimpleTable.app */ = {isa = PBXFileReference; explicitFileType = wrapper.application; includeInIndex = 0; path = SimpleTable.app; sourceTree = BUILT_PRODUCTS_DIR; };
		3AE31F5514DAC86E00EA0BD5 /* UIKit.framework */ = {isa = PBXFileReference; lastKnownFileType = wrapper.framework; name = UIKit.framework; path = System/Library/Frameworks/UIKit.framework; sourceTree = SDKROOT; };
		3AE31F5714DAC86E00EA0BD5 /* Foundation.framework */ = {isa = PBXFileReference; lastKnownFileType = wrapper.framework; name = Foundation.framework; path = System/Library/Frameworks/Foundation.framework; sourceTree = SDKROOT; };
		3AE31F5914DAC86E00EA0BD5 /* CoreGraphics.framework */ = {isa = PBXFileReference; lastKnownFileType = wrapper.framework; name = CoreGraphics.framework; path = System/Library/Frameworks/CoreGraphics.framework; sourceTree = SDKROOT; };
		3AE31F5D14DAC86E00EA0BD5 /* SimpleTable-Info.plist */ = {isa = PBXFileReference; lastKnownFileType = text.plist.xml; path = "SimpleTable-Info.plist"; sourceTree = "<group>"; };
		3AE31F5F14DAC86E00EA0BD5 /* en */ = {isa = PBXFileReference; lastKnownFileType = text.plist.strings; name = en; path = en.lproj/InfoPlist.strings; sourceTree = "<group>"; };
		3AE31F6114DAC86E00EA0BD5 /* main.m */ = {isa = PBXFileReference; lastKnownFileType = sourcecode.c.objc; path = main.m; sourceTree = "<group>"; };
		3AE31F6314DAC86E00EA0BD5 /* SimpleTable-Prefix.pch */ = {isa = PBXFileReference; lastKnownFileType = sourcecode.c.h; path = "SimpleTable-Prefix.pch"; sourceTree = "<group>"; };
		3AE31F6414DAC86E00EA0BD5 /* AppDelegate.h */ = {isa = PBXFileReference; lastKnownFileType = sourcecode.c.h; path = AppDelegate.h; sourceTree = "<group>"; };
		3AE31F6514DAC86E00EA0BD5 /* AppDelegate.m */ = {isa = PBXFileReference; lastKnownFileType = sourcecode.c.objc; path = AppDelegate.m; sourceTree = "<group>"; };
		3AE31F6714DAC86E00EA0BD5 /* ViewController.h */ = {isa = PBXFileReference; lastKnownFileType = sourcecode.c.h; path = ViewController.h; sourceTree = "<group>"; };
		3AE31F6814DAC86E00EA0BD5 /* ViewController.m */ = {isa = PBXFileReference; lastKnownFileType = sourcecode.c.objc; path = ViewController.m; sourceTree = "<group>"; };
		3AE31F6B14DAC86E00EA0BD5 /* en */ = {isa = PBXFileReference; lastKnownFileType = file.xib; name = en; path = en.lproj/ViewController.xib; sourceTree = "<group>"; };
		3AE31F7214DAD3A100EA0BD5 /* star.png */ = {isa = PBXFileReference; lastKnownFileType = image.png; path = star.png; sourceTree = "<group>"; };
/* End PBXFileReference section */

/* Begin PBXFrameworksBuildPhase section */
		3AE31F4E14DAC86E00EA0BD5 /* Frameworks */ = {
			isa = PBXFrameworksBuildPhase;
			buildActionMask = 2147483647;
			files = (
				3AE31F5614DAC86E00EA0BD5 /* UIKit.framework in Frameworks */,
				3AE31F5814DAC86E00EA0BD5 /* Foundation.framework in Frameworks */,
				3AE31F5A14DAC86E00EA0BD5 /* CoreGraphics.framework in Frameworks */,
			);
			runOnlyForDeploymentPostprocessing = 0;
		};
/* End PBXFrameworksBuildPhase section */

/* Begin PBXGroup section */
		3AE31F4614DAC86D00EA0BD5 = {
			isa = PBXGroup;
			children = (
				3AE31F5B14DAC86E00EA0BD5 /* SimpleTable */,
				3AE31F5414DAC86E00EA0BD5 /* Frameworks */,
				3AE31F5214DAC86E00EA0BD5 /* Products */,
			);
			sourceTree = "<group>";
		};
		3AE31F5214DAC86E00EA0BD5 /* Products */ = {
			isa = PBXGroup;
			children = (
				3AE31F5114DAC86E00EA0BD5 /* SimpleTable.app */,
			);
			name = Products;
			sourceTree = "<group>";
		};
		3AE31F5414DAC86E00EA0BD5 /* Frameworks */ = {
			isa = PBXGroup;
			children = (
				3AE31F5514DAC86E00EA0BD5 /* UIKit.framework */,
				3AE31F5714DAC86E00EA0BD5 /* Foundation.framework */,
				3AE31F5914DAC86E00EA0BD5 /* CoreGraphics.framework */,
			);
			name = Frameworks;
			sourceTree = "<group>";
		};
		3AE31F5B14DAC86E00EA0BD5 /* SimpleTable */ = {
			isa = PBXGroup;
			children = (
				3AE31F7214DAD3A100EA0BD5 /* star.png */,
				3AE31F6414DAC86E00EA0BD5 /* AppDelegate.h */,
				3AE31F6514DAC86E00EA0BD5 /* AppDelegate.m */,
				3AE31F6714DAC86E00EA0BD5 /* ViewController.h */,
				3AE31F6814DAC86E00EA0BD5 /* ViewController.m */,
				3AE31F6A14DAC86E00EA0BD5 /* ViewController.xib */,
				3AE31F5C14DAC86E00EA0BD5 /* Supporting Files */,
			);
			path = SimpleTable;
			sourceTree = "<group>";
		};
		3AE31F5C14DAC86E00EA0BD5 /* Supporting Files */ = {
			isa = PBXGroup;
			children = (
				3AE31F5D14DAC86E00EA0BD5 /* SimpleTable-Info.plist */,
				3AE31F5E14DAC86E00EA0BD5 /* InfoPlist.strings */,
				3AE31F6114DAC86E00EA0BD5 /* main.m */,
				3AE31F6314DAC86E00EA0BD5 /* SimpleTable-Prefix.pch */,
			);
			name = "Supporting Files";
			sourceTree = "<group>";
		};
/* End PBXGroup section */

/* Begin PBXNativeTarget section */
		3AE31F5014DAC86E00EA0BD5 /* SimpleTable */ = {
			isa = PBXNativeTarget;
			buildConfigurationList = 3AE31F6F14DAC86E00EA0BD5 /* Build configuration list for PBXNativeTarget "SimpleTable" */;
			buildPhases = (
				3AE31F4D14DAC86E00EA0BD5 /* Sources */,
				3AE31F4E14DAC86E00EA0BD5 /* Frameworks */,
				3AE31F4F14DAC86E00EA0BD5 /* Resources */,
			);
			buildRules = (
			);
			dependencies = (
			);
			name = SimpleTable;
			productName = SimpleTable;
			productReference = 3AE31F5114DAC86E00EA0BD5 /* SimpleTable.app */;
			productType = "com.apple.product-type.application";
		};
/* End PBXNativeTarget section */

/* Begin PBXProject section */
		3AE31F4814DAC86D00EA0BD5 /* Project object */ = {
			isa = PBXProject;
			attributes = {
				LastUpgradeCheck = 0420;
			};
			buildConfigurationList = 3AE31F4B14DAC86D00EA0BD5 /* Build configuration list for PBXProject "SimpleTable" */;
			compatibilityVersion = "Xcode 3.2";
			developmentRegion = English;
			hasScannedForEncodings = 0;
			knownRegions = (
				en,
			);
			mainGroup = 3AE31F4614DAC86D00EA0BD5;
			productRefGroup = 3AE31F5214DAC86E00EA0BD5 /* Products */;
			projectDirPath = "";
			projectRoot = "";
			targets = (
				3AE31F5014DAC86E00EA0BD5 /* SimpleTable */,
			);
		};
/* End PBXProject section */

/* Begin PBXResourcesBuildPhase section */
		3AE31F4F14DAC86E00EA0BD5 /* Resources */ = {
			isa = PBXResourcesBuildPhase;
			buildActionMask = 2147483647;
			files = (
				3AE31F6014DAC86E00EA0BD5 /* InfoPlist.strings in Resources */,
				3AE31F6C14DAC86E00EA0BD5 /* ViewController.xib in Resources */,
				3AE31F7314DAD3A100EA0BD5 /* star.png in Resources */,
			);
			runOnlyForDeploymentPostprocessing = 0;
		};
/* End PBXResourcesBuildPhase section */

/* Begin PBXSourcesBuildPhase section */
		3AE31F4D14DAC86E00EA0BD5 /* Sources */ = {
			isa = PBXSourcesBuildPhase;
			buildActionMask = 2147483647;
			files = (
				3AE31F6214DAC86E00EA0BD5 /* main.m in Sources */,
				3AE31F6614DAC86E00EA0BD5 /* AppDelegate.m in Sources */,
				3AE31F6914DAC86E00EA0BD5 /* ViewController.m in Sources */,
			);
			runOnlyForDeploymentPostprocessing = 0;
		};
/* End PBXSourcesBuildPhase section */

/* Begin PBXVariantGroup section */
		3AE31F5E14DAC86E00EA0BD5 /* InfoPlist.strings */ = {
			isa = PBXVariantGroup;
			children = (
				3AE31F5F14DAC86E00EA0BD5 /* en */,
			);
			name = InfoPlist.strings;
			sourceTree = "<group>";
		};
		3AE31F6A14DAC86E00EA0BD5 /* ViewController.xib */ = {
			isa = PBXVariantGroup;
			children = (
				3AE31F6B14DAC86E00EA0BD5 /* en */,
			);
			name = ViewController.xib;
			sourceTree = "<group>";
		};
/* End PBXVariantGroup section */

/* Begin XCBuildConfiguration section */
		3AE31F6D14DAC86E00EA0BD5 /* Debug */ = {
			isa = XCBuildConfiguration;
			buildSettings = {
				ALWAYS_SEARCH_USER_PATHS = NO;
				ARCHS = "$(ARCHS_STANDARD_32_BIT)";
				CLANG_ENABLE_OBJC_ARC = YES;
				"CODE_SIGN_IDENTITY[sdk=iphoneos*]" = "iPhone Developer";
				COPY_PHASE_STRIP = NO;
				GCC_C_LANGUAGE_STANDARD = gnu99;
				GCC_DYNAMIC_NO_PIC = NO;
				GCC_OPTIMIZATION_LEVEL = 0;
				GCC_PREPROCESSOR_DEFINITIONS = (
					"DEBUG=1",
					"$(inherited)",
				);
				GCC_SYMBOLS_PRIVATE_EXTERN = NO;
				GCC_VERSION = com.apple.compilers.llvm.clang.1_0;
				GCC_WARN_ABOUT_MISSING_PROTOTYPES = YES;
				GCC_WARN_ABOUT_RETURN_TYPE = YES;
				GCC_WARN_UNUSED_VARIABLE = YES;
				IPHONEOS_DEPLOYMENT_TARGET = 5.0;
				SDKROOT = iphoneos;
			};
			name = Debug;
		};
		3AE31F6E14DAC86E00EA0BD5 /* Release */ = {
			isa = XCBuildConfiguration;
			buildSettings = {
				ALWAYS_SEARCH_USER_PATHS = NO;
				ARCHS = "$(ARCHS_STANDARD_32_BIT)";
				CLANG_ENABLE_OBJC_ARC = YES;
				"CODE_SIGN_IDENTITY[sdk=iphoneos*]" = "iPhone Developer";
				COPY_PHASE_STRIP = YES;
				GCC_C_LANGUAGE_STANDARD = gnu99;
				GCC_VERSION = com.apple.compilers.llvm.clang.1_0;
				GCC_WARN_ABOUT_MISSING_PROTOTYPES = YES;
				GCC_WARN_ABOUT_RETURN_TYPE = YES;
				GCC_WARN_UNUSED_VARIABLE = YES;
				IPHONEOS_DEPLOYMENT_TARGET = 5.0;
				OTHER_CFLAGS = "-DNS_BLOCK_ASSERTIONS=1";
				SDKROOT = iphoneos;
				VALIDATE_PRODUCT = YES;
			};
			name = Release;
		};
		3AE31F7014DAC86E00EA0BD5 /* Debug */ = {
			isa = XCBuildConfiguration;
			buildSettings = {
				GCC_PRECOMPILE_PREFIX_HEADER = YES;
				GCC_PREFIX_HEADER = "SimpleTable/SimpleTable-Prefix.pch";
				INFOPLIST_FILE = "SimpleTable/SimpleTable-Info.plist";
				PRODUCT_NAME = "$(TARGET_NAME)";
				WRAPPER_EXTENSION = app;
			};
			name = Debug;
		};
		3AE31F7114DAC86E00EA0BD5 /* Release */ = {
			isa = XCBuildConfiguration;
			buildSettings = {
				GCC_PRECOMPILE_PREFIX_HEADER = YES;
				GCC_PREFIX_HEADER = "SimpleTable/SimpleTable-Prefix.pch";
				INFOPLIST_FILE = "SimpleTable/SimpleTable-Info.plist";
				PRODUCT_NAME = "$(TARGET_NAME)";
				WRAPPER_EXTENSION = app;
			};
			name = Release;
		};
/* End XCBuildConfiguration section */

/* Begin XCConfigurationList section */
		3AE31F4B14DAC86D00EA0BD5 /* Build configuration list for PBXProject "SimpleTable" */ = {
			isa = XCConfigurationList;
			buildConfigurations = (
				3AE31F6D14DAC86E00EA0BD5 /* Debug */,
				3AE31F6E14DAC86E00EA0BD5 /* Release */,
			);
			defaultConfigurationIsVisible = 0;
			defaultConfigurationName = Release;
		};
		3AE31F6F14DAC86E00EA0BD5 /* Build configuration list for PBXNativeTarget "SimpleTable" */ = {
			isa = XCConfigurationList;
			buildConfigurations = (
				3AE31F7014DAC86E00EA0BD5 /* Debug */,
				3AE31F7114DAC86E00EA0BD5 /* Release */,
			);
			defaultConfigurationIsVisible = 0;
		};
/* End XCConfigurationList section */
	};
	rootObject = 3AE31F4814DAC86D00EA0BD5 /* Project object */;
}
