// !$*UTF8*$!
{
	archiveVersion = 1;
	classes = {
	};
	objectVersion = 46;
	objects = {

/* Begin PBXBuildFile section */
		3ABAB4DA14DBB6B6003E226A /* UIKit.framework in Frameworks */ = {isa = PBXBuildFile; fileRef = 3ABAB4D914DBB6B6003E226A /* UIKit.framework */; };
		3ABAB4DC14DBB6B6003E226A /* Foundation.framework in Frameworks */ = {isa = PBXBuildFile; fileRef = 3ABAB4DB14DBB6B6003E226A /* Foundation.framework */; };
		3ABAB4DE14DBB6B6003E226A /* CoreGraphics.framework in Frameworks */ = {isa = PBXBuildFile; fileRef = 3ABAB4DD14DBB6B6003E226A /* CoreGraphics.framework */; };
		3ABAB4E414DBB6B6003E226A /* InfoPlist.strings in Resources */ = {isa = PBXBuildFile; fileRef = 3ABAB4E214DBB6B6003E226A /* InfoPlist.strings */; };
		3ABAB4E614DBB6B6003E226A /* main.m in Sources */ = {isa = PBXBuildFile; fileRef = 3ABAB4E514DBB6B6003E226A /* main.m */; };
		3ABAB4EA14DBB6B6003E226A /* AppDelegate.m in Sources */ = {isa = PBXBuildFile; fileRef = 3ABAB4E914DBB6B6003E226A /* AppDelegate.m */; };
		3ABAB4ED14DBB6B6003E226A /* ViewController.m in Sources */ = {isa = PBXBuildFile; fileRef = 3ABAB4EC14DBB6B6003E226A /* ViewController.m */; };
		3ABAB4F014DBB6B6003E226A /* ViewController.xib in Resources */ = {isa = PBXBuildFile; fileRef = 3ABAB4EE14DBB6B6003E226A /* ViewController.xib */; };
		3ABAB8FF14DBB766003E226A /* sortednames.plist in Resources */ = {isa = PBXBuildFile; fileRef = 3ABAB8FE14DBB766003E226A /* sortednames.plist */; };
		3ABAB90214DBC52E003E226A /* NSDictionary-MutableDeepCopy.m in Sources */ = {isa = PBXBuildFile; fileRef = 3ABAB90114DBC52E003E226A /* NSDictionary-MutableDeepCopy.m */; };
/* End PBXBuildFile section */

/* Begin PBXFileReference section */
		3ABAB4D514DBB6B6003E226A /* Sections.app */ = {isa = PBXFileReference; explicitFileType = wrapper.application; includeInIndex = 0; path = Sections.app; sourceTree = BUILT_PRODUCTS_DIR; };
		3ABAB4D914DBB6B6003E226A /* UIKit.framework */ = {isa = PBXFileReference; lastKnownFileType = wrapper.framework; name = UIKit.framework; path = System/Library/Frameworks/UIKit.framework; sourceTree = SDKROOT; };
		3ABAB4DB14DBB6B6003E226A /* Foundation.framework */ = {isa = PBXFileReference; lastKnownFileType = wrapper.framework; name = Foundation.framework; path = System/Library/Frameworks/Foundation.framework; sourceTree = SDKROOT; };
		3ABAB4DD14DBB6B6003E226A /* CoreGraphics.framework */ = {isa = PBXFileReference; lastKnownFileType = wrapper.framework; name = CoreGraphics.framework; path = System/Library/Frameworks/CoreGraphics.framework; sourceTree = SDKROOT; };
		3ABAB4E114DBB6B6003E226A /* Sections-Info.plist */ = {isa = PBXFileReference; lastKnownFileType = text.plist.xml; path = "Sections-Info.plist"; sourceTree = "<group>"; };
		3ABAB4E314DBB6B6003E226A /* en */ = {isa = PBXFileReference; lastKnownFileType = text.plist.strings; name = en; path = en.lproj/InfoPlist.strings; sourceTree = "<group>"; };
		3ABAB4E514DBB6B6003E226A /* main.m */ = {isa = PBXFileReference; lastKnownFileType = sourcecode.c.objc; path = main.m; sourceTree = "<group>"; };
		3ABAB4E714DBB6B6003E226A /* Sections-Prefix.pch */ = {isa = PBXFileReference; lastKnownFileType = sourcecode.c.h; path = "Sections-Prefix.pch"; sourceTree = "<group>"; };
		3ABAB4E814DBB6B6003E226A /* AppDelegate.h */ = {isa = PBXFileReference; lastKnownFileType = sourcecode.c.h; path = AppDelegate.h; sourceTree = "<group>"; };
		3ABAB4E914DBB6B6003E226A /* AppDelegate.m */ = {isa = PBXFileReference; lastKnownFileType = sourcecode.c.objc; path = AppDelegate.m; sourceTree = "<group>"; };
		3ABAB4EB14DBB6B6003E226A /* ViewController.h */ = {isa = PBXFileReference; lastKnownFileType = sourcecode.c.h; path = ViewController.h; sourceTree = "<group>"; };
		3ABAB4EC14DBB6B6003E226A /* ViewController.m */ = {isa = PBXFileReference; lastKnownFileType = sourcecode.c.objc; path = ViewController.m; sourceTree = "<group>"; };
		3ABAB4EF14DBB6B6003E226A /* en */ = {isa = PBXFileReference; lastKnownFileType = file.xib; name = en; path = en.lproj/ViewController.xib; sourceTree = "<group>"; };
		3ABAB8FE14DBB766003E226A /* sortednames.plist */ = {isa = PBXFileReference; fileEncoding = 4; lastKnownFileType = text.plist.xml; path = sortednames.plist; sourceTree = "<group>"; };
		3ABAB90014DBC510003E226A /* NSDictionary-MutableDeepCopy.h */ = {isa = PBXFileReference; fileEncoding = 4; lastKnownFileType = sourcecode.c.h; path = "NSDictionary-MutableDeepCopy.h"; sourceTree = "<group>"; };
		3ABAB90114DBC52E003E226A /* NSDictionary-MutableDeepCopy.m */ = {isa = PBXFileReference; fileEncoding = 4; lastKnownFileType = sourcecode.c.objc; path = "NSDictionary-MutableDeepCopy.m"; sourceTree = "<group>"; };
/* End PBXFileReference section */

/* Begin PBXFrameworksBuildPhase section */
		3ABAB4D214DBB6B6003E226A /* Frameworks */ = {
			isa = PBXFrameworksBuildPhase;
			buildActionMask = 2147483647;
			files = (
				3ABAB4DA14DBB6B6003E226A /* UIKit.framework in Frameworks */,
				3ABAB4DC14DBB6B6003E226A /* Foundation.framework in Frameworks */,
				3ABAB4DE14DBB6B6003E226A /* CoreGraphics.framework in Frameworks */,
			);
			runOnlyForDeploymentPostprocessing = 0;
		};
/* End PBXFrameworksBuildPhase section */

/* Begin PBXGroup section */
		3ABAB4CA14DBB6B6003E226A = {
			isa = PBXGroup;
			children = (
				3ABAB4DF14DBB6B6003E226A /* Sections */,
				3ABAB4D814DBB6B6003E226A /* Frameworks */,
				3ABAB4D614DBB6B6003E226A /* Products */,
			);
			sourceTree = "<group>";
		};
		3ABAB4D614DBB6B6003E226A /* Products */ = {
			isa = PBXGroup;
			children = (
				3ABAB4D514DBB6B6003E226A /* Sections.app */,
			);
			name = Products;
			sourceTree = "<group>";
		};
		3ABAB4D814DBB6B6003E226A /* Frameworks */ = {
			isa = PBXGroup;
			children = (
				3ABAB4D914DBB6B6003E226A /* UIKit.framework */,
				3ABAB4DB14DBB6B6003E226A /* Foundation.framework */,
				3ABAB4DD14DBB6B6003E226A /* CoreGraphics.framework */,
			);
			name = Frameworks;
			sourceTree = "<group>";
		};
		3ABAB4DF14DBB6B6003E226A /* Sections */ = {
			isa = PBXGroup;
			children = (
				3ABAB8FE14DBB766003E226A /* sortednames.plist */,
				3ABAB4E814DBB6B6003E226A /* AppDelegate.h */,
				3ABAB4E914DBB6B6003E226A /* AppDelegate.m */,
				3ABAB4EB14DBB6B6003E226A /* ViewController.h */,
				3ABAB4EC14DBB6B6003E226A /* ViewController.m */,
				3ABAB4EE14DBB6B6003E226A /* ViewController.xib */,
				3ABAB4E014DBB6B6003E226A /* Supporting Files */,
				3ABAB90014DBC510003E226A /* NSDictionary-MutableDeepCopy.h */,
				3ABAB90114DBC52E003E226A /* NSDictionary-MutableDeepCopy.m */,
			);
			path = Sections;
			sourceTree = "<group>";
		};
		3ABAB4E014DBB6B6003E226A /* Supporting Files */ = {
			isa = PBXGroup;
			children = (
				3ABAB4E114DBB6B6003E226A /* Sections-Info.plist */,
				3ABAB4E214DBB6B6003E226A /* InfoPlist.strings */,
				3ABAB4E514DBB6B6003E226A /* main.m */,
				3ABAB4E714DBB6B6003E226A /* Sections-Prefix.pch */,
			);
			name = "Supporting Files";
			sourceTree = "<group>";
		};
/* End PBXGroup section */

/* Begin PBXNativeTarget section */
		3ABAB4D414DBB6B6003E226A /* Sections */ = {
			isa = PBXNativeTarget;
			buildConfigurationList = 3ABAB4F314DBB6B6003E226A /* Build configuration list for PBXNativeTarget "Sections" */;
			buildPhases = (
				3ABAB4D114DBB6B6003E226A /* Sources */,
				3ABAB4D214DBB6B6003E226A /* Frameworks */,
				3ABAB4D314DBB6B6003E226A /* Resources */,
			);
			buildRules = (
			);
			dependencies = (
			);
			name = Sections;
			productName = Sections;
			productReference = 3ABAB4D514DBB6B6003E226A /* Sections.app */;
			productType = "com.apple.product-type.application";
		};
/* End PBXNativeTarget section */

/* Begin PBXProject section */
		3ABAB4CC14DBB6B6003E226A /* Project object */ = {
			isa = PBXProject;
			attributes = {
				LastUpgradeCheck = 0420;
			};
			buildConfigurationList = 3ABAB4CF14DBB6B6003E226A /* Build configuration list for PBXProject "Sections" */;
			compatibilityVersion = "Xcode 3.2";
			developmentRegion = English;
			hasScannedForEncodings = 0;
			knownRegions = (
				en,
				fr,
				English,
				fr_CA,
			);
			mainGroup = 3ABAB4CA14DBB6B6003E226A;
			productRefGroup = 3ABAB4D614DBB6B6003E226A /* Products */;
			projectDirPath = "";
			projectRoot = "";
			targets = (
				3ABAB4D414DBB6B6003E226A /* Sections */,
			);
		};
/* End PBXProject section */

/* Begin PBXResourcesBuildPhase section */
		3ABAB4D314DBB6B6003E226A /* Resources */ = {
			isa = PBXResourcesBuildPhase;
			buildActionMask = 2147483647;
			files = (
				3ABAB4E414DBB6B6003E226A /* InfoPlist.strings in Resources */,
				3ABAB4F014DBB6B6003E226A /* ViewController.xib in Resources */,
				3ABAB8FF14DBB766003E226A /* sortednames.plist in Resources */,
			);
			runOnlyForDeploymentPostprocessing = 0;
		};
/* End PBXResourcesBuildPhase section */

/* Begin PBXSourcesBuildPhase section */
		3ABAB4D114DBB6B6003E226A /* Sources */ = {
			isa = PBXSourcesBuildPhase;
			buildActionMask = 2147483647;
			files = (
				3ABAB4E614DBB6B6003E226A /* main.m in Sources */,
				3ABAB4EA14DBB6B6003E226A /* AppDelegate.m in Sources */,
				3ABAB4ED14DBB6B6003E226A /* ViewController.m in Sources */,
				3ABAB90214DBC52E003E226A /* NSDictionary-MutableDeepCopy.m in Sources */,
			);
			runOnlyForDeploymentPostprocessing = 0;
		};
/* End PBXSourcesBuildPhase section */

/* Begin PBXVariantGroup section */
		3ABAB4E214DBB6B6003E226A /* InfoPlist.strings */ = {
			isa = PBXVariantGroup;
			children = (
				3ABAB4E314DBB6B6003E226A /* en */,
			);
			name = InfoPlist.strings;
			sourceTree = "<group>";
		};
		3ABAB4EE14DBB6B6003E226A /* ViewController.xib */ = {
			isa = PBXVariantGroup;
			children = (
				3ABAB4EF14DBB6B6003E226A /* en */,
			);
			name = ViewController.xib;
			sourceTree = "<group>";
		};
/* End PBXVariantGroup section */

/* Begin XCBuildConfiguration section */
		3ABAB4F114DBB6B6003E226A /* Debug */ = {
			isa = XCBuildConfiguration;
			buildSettings = {
				ALWAYS_SEARCH_USER_PATHS = NO;
				ARCHS = "$(ARCHS_STANDARD_32_BIT)";
				CLANG_ENABLE_OBJC_ARC = YES;
				"CODE_SIGN_IDENTITY[sdk=iphoneos*]" = "iPhone Developer";
				COPY_PHASE_STRIP = NO;
				GCC_C_LANGUAGE_STANDARD = gnu99;
				GCC_DYNAMIC_NO_PIC = NO;
				GCC_OPTIMIZATION_LEVEL = 0;
				GCC_PREPROCESSOR_DEFINITIONS = (
					"DEBUG=1",
					"$(inherited)",
				);
				GCC_SYMBOLS_PRIVATE_EXTERN = NO;
				GCC_VERSION = com.apple.compilers.llvm.clang.1_0;
				GCC_WARN_ABOUT_MISSING_PROTOTYPES = YES;
				GCC_WARN_ABOUT_RETURN_TYPE = YES;
				GCC_WARN_UNUSED_VARIABLE = YES;
				IPHONEOS_DEPLOYMENT_TARGET = 5.0;
				SDKROOT = iphoneos;
			};
			name = Debug;
		};
		3ABAB4F214DBB6B6003E226A /* Release */ = {
			isa = XCBuildConfiguration;
			buildSettings = {
				ALWAYS_SEARCH_USER_PATHS = NO;
				ARCHS = "$(ARCHS_STANDARD_32_BIT)";
				CLANG_ENABLE_OBJC_ARC = YES;
				"CODE_SIGN_IDENTITY[sdk=iphoneos*]" = "iPhone Developer";
				COPY_PHASE_STRIP = YES;
				GCC_C_LANGUAGE_STANDARD = gnu99;
				GCC_VERSION = com.apple.compilers.llvm.clang.1_0;
				GCC_WARN_ABOUT_MISSING_PROTOTYPES = YES;
				GCC_WARN_ABOUT_RETURN_TYPE = YES;
				GCC_WARN_UNUSED_VARIABLE = YES;
				IPHONEOS_DEPLOYMENT_TARGET = 5.0;
				OTHER_CFLAGS = "-DNS_BLOCK_ASSERTIONS=1";
				SDKROOT = iphoneos;
				VALIDATE_PRODUCT = YES;
			};
			name = Release;
		};
		3ABAB4F414DBB6B6003E226A /* Debug */ = {
			isa = XCBuildConfiguration;
			buildSettings = {
				GCC_PRECOMPILE_PREFIX_HEADER = YES;
				GCC_PREFIX_HEADER = "Sections/Sections-Prefix.pch";
				INFOPLIST_FILE = "Sections/Sections-Info.plist";
				PRODUCT_NAME = "$(TARGET_NAME)";
				WRAPPER_EXTENSION = app;
			};
			name = Debug;
		};
		3ABAB4F514DBB6B6003E226A /* Release */ = {
			isa = XCBuildConfiguration;
			buildSettings = {
				GCC_PRECOMPILE_PREFIX_HEADER = YES;
				GCC_PREFIX_HEADER = "Sections/Sections-Prefix.pch";
				INFOPLIST_FILE = "Sections/Sections-Info.plist";
				PRODUCT_NAME = "$(TARGET_NAME)";
				WRAPPER_EXTENSION = app;
			};
			name = Release;
		};
/* End XCBuildConfiguration section */

/* Begin XCConfigurationList section */
		3ABAB4CF14DBB6B6003E226A /* Build configuration list for PBXProject "Sections" */ = {
			isa = XCConfigurationList;
			buildConfigurations = (
				3ABAB4F114DBB6B6003E226A /* Debug */,
				3ABAB4F214DBB6B6003E226A /* Release */,
			);
			defaultConfigurationIsVisible = 0;
			defaultConfigurationName = Release;
		};
		3ABAB4F314DBB6B6003E226A /* Build configuration list for PBXNativeTarget "Sections" */ = {
			isa = XCConfigurationList;
			buildConfigurations = (
				3ABAB4F414DBB6B6003E226A /* Debug */,
				3ABAB4F514DBB6B6003E226A /* Release */,
			);
			defaultConfigurationIsVisible = 0;
		};
/* End XCConfigurationList section */
	};
	rootObject = 3ABAB4CC14DBB6B6003E226A /* Project object */;
}
