// !$*UTF8*$!
{
	archiveVersion = 1;
	classes = {
	};
	objectVersion = 46;
	objects = {

/* Begin PBXBuildFile section */
		3A39E95E14EC04E6007D0722 /* UIKit.framework in Frameworks */ = {isa = PBXBuildFile; fileRef = 3A39E95D14EC04E6007D0722 /* UIKit.framework */; };
		3A39E96014EC04E6007D0722 /* Foundation.framework in Frameworks */ = {isa = PBXBuildFile; fileRef = 3A39E95F14EC04E6007D0722 /* Foundation.framework */; };
		3A39E96214EC04E6007D0722 /* CoreGraphics.framework in Frameworks */ = {isa = PBXBuildFile; fileRef = 3A39E96114EC04E6007D0722 /* CoreGraphics.framework */; };
		3A39E96814EC04E6007D0722 /* InfoPlist.strings in Resources */ = {isa = PBXBuildFile; fileRef = 3A39E96614EC04E6007D0722 /* InfoPlist.strings */; };
		3A39E96A14EC04E6007D0722 /* main.m in Sources */ = {isa = PBXBuildFile; fileRef = 3A39E96914EC04E6007D0722 /* main.m */; };
		3A39E96E14EC04E6007D0722 /* AppDelegate.m in Sources */ = {isa = PBXBuildFile; fileRef = 3A39E96D14EC04E6007D0722 /* AppDelegate.m */; };
		3A39E97114EC04E6007D0722 /* ViewController.m in Sources */ = {isa = PBXBuildFile; fileRef = 3A39E97014EC04E6007D0722 /* ViewController.m */; };
		3A39E97414EC04E6007D0722 /* ViewController.xib in Resources */ = {isa = PBXBuildFile; fileRef = 3A39E97214EC04E6007D0722 /* ViewController.xib */; };
/* End PBXBuildFile section */

/* Begin PBXFileReference section */
		3A39E95914EC04E6007D0722 /* Swipes.app */ = {isa = PBXFileReference; explicitFileType = wrapper.application; includeInIndex = 0; path = Swipes.app; sourceTree = BUILT_PRODUCTS_DIR; };
		3A39E95D14EC04E6007D0722 /* UIKit.framework */ = {isa = PBXFileReference; lastKnownFileType = wrapper.framework; name = UIKit.framework; path = System/Library/Frameworks/UIKit.framework; sourceTree = SDKROOT; };
		3A39E95F14EC04E6007D0722 /* Foundation.framework */ = {isa = PBXFileReference; lastKnownFileType = wrapper.framework; name = Foundation.framework; path = System/Library/Frameworks/Foundation.framework; sourceTree = SDKROOT; };
		3A39E96114EC04E6007D0722 /* CoreGraphics.framework */ = {isa = PBXFileReference; lastKnownFileType = wrapper.framework; name = CoreGraphics.framework; path = System/Library/Frameworks/CoreGraphics.framework; sourceTree = SDKROOT; };
		3A39E96514EC04E6007D0722 /* Swipes-Info.plist */ = {isa = PBXFileReference; lastKnownFileType = text.plist.xml; path = "Swipes-Info.plist"; sourceTree = "<group>"; };
		3A39E96714EC04E6007D0722 /* en */ = {isa = PBXFileReference; lastKnownFileType = text.plist.strings; name = en; path = en.lproj/InfoPlist.strings; sourceTree = "<group>"; };
		3A39E96914EC04E6007D0722 /* main.m */ = {isa = PBXFileReference; lastKnownFileType = sourcecode.c.objc; path = main.m; sourceTree = "<group>"; };
		3A39E96B14EC04E6007D0722 /* Swipes-Prefix.pch */ = {isa = PBXFileReference; lastKnownFileType = sourcecode.c.h; path = "Swipes-Prefix.pch"; sourceTree = "<group>"; };
		3A39E96C14EC04E6007D0722 /* AppDelegate.h */ = {isa = PBXFileReference; lastKnownFileType = sourcecode.c.h; path = AppDelegate.h; sourceTree = "<group>"; };
		3A39E96D14EC04E6007D0722 /* AppDelegate.m */ = {isa = PBXFileReference; lastKnownFileType = sourcecode.c.objc; path = AppDelegate.m; sourceTree = "<group>"; };
		3A39E96F14EC04E6007D0722 /* ViewController.h */ = {isa = PBXFileReference; lastKnownFileType = sourcecode.c.h; path = ViewController.h; sourceTree = "<group>"; };
		3A39E97014EC04E6007D0722 /* ViewController.m */ = {isa = PBXFileReference; lastKnownFileType = sourcecode.c.objc; path = ViewController.m; sourceTree = "<group>"; };
		3A39E97314EC04E6007D0722 /* en */ = {isa = PBXFileReference; lastKnownFileType = file.xib; name = en; path = en.lproj/ViewController.xib; sourceTree = "<group>"; };
/* End PBXFileReference section */

/* Begin PBXFrameworksBuildPhase section */
		3A39E95614EC04E6007D0722 /* Frameworks */ = {
			isa = PBXFrameworksBuildPhase;
			buildActionMask = 2147483647;
			files = (
				3A39E95E14EC04E6007D0722 /* UIKit.framework in Frameworks */,
				3A39E96014EC04E6007D0722 /* Foundation.framework in Frameworks */,
				3A39E96214EC04E6007D0722 /* CoreGraphics.framework in Frameworks */,
			);
			runOnlyForDeploymentPostprocessing = 0;
		};
/* End PBXFrameworksBuildPhase section */

/* Begin PBXGroup section */
		3A39E94E14EC04E6007D0722 = {
			isa = PBXGroup;
			children = (
				3A39E96314EC04E6007D0722 /* Swipes */,
				3A39E95C14EC04E6007D0722 /* Frameworks */,
				3A39E95A14EC04E6007D0722 /* Products */,
			);
			sourceTree = "<group>";
		};
		3A39E95A14EC04E6007D0722 /* Products */ = {
			isa = PBXGroup;
			children = (
				3A39E95914EC04E6007D0722 /* Swipes.app */,
			);
			name = Products;
			sourceTree = "<group>";
		};
		3A39E95C14EC04E6007D0722 /* Frameworks */ = {
			isa = PBXGroup;
			children = (
				3A39E95D14EC04E6007D0722 /* UIKit.framework */,
				3A39E95F14EC04E6007D0722 /* Foundation.framework */,
				3A39E96114EC04E6007D0722 /* CoreGraphics.framework */,
			);
			name = Frameworks;
			sourceTree = "<group>";
		};
		3A39E96314EC04E6007D0722 /* Swipes */ = {
			isa = PBXGroup;
			children = (
				3A39E96C14EC04E6007D0722 /* AppDelegate.h */,
				3A39E96D14EC04E6007D0722 /* AppDelegate.m */,
				3A39E96F14EC04E6007D0722 /* ViewController.h */,
				3A39E97014EC04E6007D0722 /* ViewController.m */,
				3A39E97214EC04E6007D0722 /* ViewController.xib */,
				3A39E96414EC04E6007D0722 /* Supporting Files */,
			);
			path = Swipes;
			sourceTree = "<group>";
		};
		3A39E96414EC04E6007D0722 /* Supporting Files */ = {
			isa = PBXGroup;
			children = (
				3A39E96514EC04E6007D0722 /* Swipes-Info.plist */,
				3A39E96614EC04E6007D0722 /* InfoPlist.strings */,
				3A39E96914EC04E6007D0722 /* main.m */,
				3A39E96B14EC04E6007D0722 /* Swipes-Prefix.pch */,
			);
			name = "Supporting Files";
			sourceTree = "<group>";
		};
/* End PBXGroup section */

/* Begin PBXNativeTarget section */
		3A39E95814EC04E6007D0722 /* Swipes */ = {
			isa = PBXNativeTarget;
			buildConfigurationList = 3A39E97714EC04E6007D0722 /* Build configuration list for PBXNativeTarget "Swipes" */;
			buildPhases = (
				3A39E95514EC04E6007D0722 /* Sources */,
				3A39E95614EC04E6007D0722 /* Frameworks */,
				3A39E95714EC04E6007D0722 /* Resources */,
			);
			buildRules = (
			);
			dependencies = (
			);
			name = Swipes;
			productName = Swipes;
			productReference = 3A39E95914EC04E6007D0722 /* Swipes.app */;
			productType = "com.apple.product-type.application";
		};
/* End PBXNativeTarget section */

/* Begin PBXProject section */
		3A39E95014EC04E6007D0722 /* Project object */ = {
			isa = PBXProject;
			attributes = {
				LastUpgradeCheck = 0420;
			};
			buildConfigurationList = 3A39E95314EC04E6007D0722 /* Build configuration list for PBXProject "Swipes" */;
			compatibilityVersion = "Xcode 3.2";
			developmentRegion = English;
			hasScannedForEncodings = 0;
			knownRegions = (
				en,
			);
			mainGroup = 3A39E94E14EC04E6007D0722;
			productRefGroup = 3A39E95A14EC04E6007D0722 /* Products */;
			projectDirPath = "";
			projectRoot = "";
			targets = (
				3A39E95814EC04E6007D0722 /* Swipes */,
			);
		};
/* End PBXProject section */

/* Begin PBXResourcesBuildPhase section */
		3A39E95714EC04E6007D0722 /* Resources */ = {
			isa = PBXResourcesBuildPhase;
			buildActionMask = 2147483647;
			files = (
				3A39E96814EC04E6007D0722 /* InfoPlist.strings in Resources */,
				3A39E97414EC04E6007D0722 /* ViewController.xib in Resources */,
			);
			runOnlyForDeploymentPostprocessing = 0;
		};
/* End PBXResourcesBuildPhase section */

/* Begin PBXSourcesBuildPhase section */
		3A39E95514EC04E6007D0722 /* Sources */ = {
			isa = PBXSourcesBuildPhase;
			buildActionMask = 2147483647;
			files = (
				3A39E96A14EC04E6007D0722 /* main.m in Sources */,
				3A39E96E14EC04E6007D0722 /* AppDelegate.m in Sources */,
				3A39E97114EC04E6007D0722 /* ViewController.m in Sources */,
			);
			runOnlyForDeploymentPostprocessing = 0;
		};
/* End PBXSourcesBuildPhase section */

/* Begin PBXVariantGroup section */
		3A39E96614EC04E6007D0722 /* InfoPlist.strings */ = {
			isa = PBXVariantGroup;
			children = (
				3A39E96714EC04E6007D0722 /* en */,
			);
			name = InfoPlist.strings;
			sourceTree = "<group>";
		};
		3A39E97214EC04E6007D0722 /* ViewController.xib */ = {
			isa = PBXVariantGroup;
			children = (
				3A39E97314EC04E6007D0722 /* en */,
			);
			name = ViewController.xib;
			sourceTree = "<group>";
		};
/* End PBXVariantGroup section */

/* Begin XCBuildConfiguration section */
		3A39E97514EC04E6007D0722 /* Debug */ = {
			isa = XCBuildConfiguration;
			buildSettings = {
				ALWAYS_SEARCH_USER_PATHS = NO;
				ARCHS = "$(ARCHS_STANDARD_32_BIT)";
				CLANG_ENABLE_OBJC_ARC = YES;
				"CODE_SIGN_IDENTITY[sdk=iphoneos*]" = "iPhone Developer";
				COPY_PHASE_STRIP = NO;
				GCC_C_LANGUAGE_STANDARD = gnu99;
				GCC_DYNAMIC_NO_PIC = NO;
				GCC_OPTIMIZATION_LEVEL = 0;
				GCC_PREPROCESSOR_DEFINITIONS = (
					"DEBUG=1",
					"$(inherited)",
				);
				GCC_SYMBOLS_PRIVATE_EXTERN = NO;
				GCC_VERSION = com.apple.compilers.llvm.clang.1_0;
				GCC_WARN_ABOUT_MISSING_PROTOTYPES = YES;
				GCC_WARN_ABOUT_RETURN_TYPE = YES;
				GCC_WARN_UNUSED_VARIABLE = YES;
				IPHONEOS_DEPLOYMENT_TARGET = 5.0;
				SDKROOT = iphoneos;
			};
			name = Debug;
		};
		3A39E97614EC04E6007D0722 /* Release */ = {
			isa = XCBuildConfiguration;
			buildSettings = {
				ALWAYS_SEARCH_USER_PATHS = NO;
				ARCHS = "$(ARCHS_STANDARD_32_BIT)";
				CLANG_ENABLE_OBJC_ARC = YES;
				"CODE_SIGN_IDENTITY[sdk=iphoneos*]" = "iPhone Developer";
				COPY_PHASE_STRIP = YES;
				GCC_C_LANGUAGE_STANDARD = gnu99;
				GCC_VERSION = com.apple.compilers.llvm.clang.1_0;
				GCC_WARN_ABOUT_MISSING_PROTOTYPES = YES;
				GCC_WARN_ABOUT_RETURN_TYPE = YES;
				GCC_WARN_UNUSED_VARIABLE = YES;
				IPHONEOS_DEPLOYMENT_TARGET = 5.0;
				OTHER_CFLAGS = "-DNS_BLOCK_ASSERTIONS=1";
				SDKROOT = iphoneos;
				VALIDATE_PRODUCT = YES;
			};
			name = Release;
		};
		3A39E97814EC04E6007D0722 /* Debug */ = {
			isa = XCBuildConfiguration;
			buildSettings = {
				GCC_PRECOMPILE_PREFIX_HEADER = YES;
				GCC_PREFIX_HEADER = "Swipes/Swipes-Prefix.pch";
				INFOPLIST_FILE = "Swipes/Swipes-Info.plist";
				PRODUCT_NAME = "$(TARGET_NAME)";
				WRAPPER_EXTENSION = app;
			};
			name = Debug;
		};
		3A39E97914EC04E6007D0722 /* Release */ = {
			isa = XCBuildConfiguration;
			buildSettings = {
				GCC_PRECOMPILE_PREFIX_HEADER = YES;
				GCC_PREFIX_HEADER = "Swipes/Swipes-Prefix.pch";
				INFOPLIST_FILE = "Swipes/Swipes-Info.plist";
				PRODUCT_NAME = "$(TARGET_NAME)";
				WRAPPER_EXTENSION = app;
			};
			name = Release;
		};
/* End XCBuildConfiguration section */

/* Begin XCConfigurationList section */
		3A39E95314EC04E6007D0722 /* Build configuration list for PBXProject "Swipes" */ = {
			isa = XCConfigurationList;
			buildConfigurations = (
				3A39E97514EC04E6007D0722 /* Debug */,
				3A39E97614EC04E6007D0722 /* Release */,
			);
			defaultConfigurationIsVisible = 0;
			defaultConfigurationName = Release;
		};
		3A39E97714EC04E6007D0722 /* Build configuration list for PBXNativeTarget "Swipes" */ = {
			isa = XCConfigurationList;
			buildConfigurations = (
				3A39E97814EC04E6007D0722 /* Debug */,
				3A39E97914EC04E6007D0722 /* Release */,
			);
			defaultConfigurationIsVisible = 0;
		};
/* End XCConfigurationList section */
	};
	rootObject = 3A39E95014EC04E6007D0722 /* Project object */;
}
